
Microsoft Visual Studio Solution File, Format Version 12.00
# Visual Studio Version 17
VisualStudioVersion = 17.4.33103.184
MinimumVisualStudioVersion = 10.0.40219.1
Project("{9A19103F-16F7-4668-BE54-9A1E7A4F7556}") = "MicroShop.Core", "src\MicroShop.Core\MicroShop.Core.csproj", "{F9E5BF10-43ED-4201-9760-0F8EB11B25E5}"
EndProject
Project("{2150E333-8FDC-42A3-9474-1A3956D46DE8}") = "Abstractions", "Abstractions", "{CE5A8192-CD8C-4DD2-905F-E9FEE3AC77E3}"
EndProject
Project("{2150E333-8FDC-42A3-9474-1A3956D46DE8}") = "Models", "Models", "{09FB8CA2-1F7E-4753-92B2-B946264A40FA}"
EndProject
Project("{2150E333-8FDC-42A3-9474-1A3956D46DE8}") = "Extensions", "Extensions", "{E56B0C20-2470-4E23-99B3-9069FDEE0163}"
EndProject
Project("{9A19103F-16F7-4668-BE54-9A1E7A4F7556}") = "MicroShop.Core.Abstractions.Containers", "src\MicroShop.Core.Abstractions.Containers\MicroShop.Core.Abstractions.Containers.csproj", "{0AE49DC9-592B-4D71-9DF0-26088EAA6F47}"
EndProject
Project("{9A19103F-16F7-4668-BE54-9A1E7A4F7556}") = "MicroShop.Core.Abstractions.Requests", "src\MicroShop.Core.Abstractions.Requests\MicroShop.Core.Abstractions.Requests.csproj", "{CC3683BD-348C-4AE3-8038-BD55BD5A2761}"
EndProject
Project("{9A19103F-16F7-4668-BE54-9A1E7A4F7556}") = "MicroShop.Core.Extensions", "src\MicroShop.Core.Extensions\MicroShop.Core.Extensions.csproj", "{CA777A90-938A-430B-B1BF-42E004F4D26E}"
EndProject
Project("{9A19103F-16F7-4668-BE54-9A1E7A4F7556}") = "MicroShop.Core.Models", "src\MicroShop.Core.Models\MicroShop.Core.Models.csproj", "{D3D9942B-E312-4322-A7AB-C038DB23A142}"
EndProject
Project("{2150E333-8FDC-42A3-9474-1A3956D46DE8}") = "Interfaces", "Interfaces", "{3CA77124-BFD3-488B-A193-831605FC5B88}"
EndProject
Project("{9A19103F-16F7-4668-BE54-9A1E7A4F7556}") = "MicroShop.Core.Interfaces.Containers", "src\MicroShop.Core.Interfaces.Containers\MicroShop.Core.Interfaces.Containers.csproj", "{7F44EC5B-2D42-45D7-978D-A5E50C00042F}"
EndProject
Project("{9A19103F-16F7-4668-BE54-9A1E7A4F7556}") = "MicroShop.Core.Interfaces.Database", "src\MicroShop.Core.Interfaces.Database\MicroShop.Core.Interfaces.Database.csproj", "{91B67C49-30EE-4111-B5E9-FFAA08E3E053}"
EndProject
Project("{9A19103F-16F7-4668-BE54-9A1E7A4F7556}") = "MicroShop.Core.Interfaces.Services", "src\MicroShop.Core.Interfaces.Services\MicroShop.Core.Interfaces.Services.csproj", "{60704744-A2FF-4694-BC30-2C1098A20022}"
EndProject
Project("{9A19103F-16F7-4668-BE54-9A1E7A4F7556}") = "MicroShop.Core.Interfaces.Requests", "src\MicroShop.Core.Interfaces.Requests\MicroShop.Core.Interfaces.Requests.csproj", "{3C184A85-7D8C-4CED-A82A-022346D28B2F}"
EndProject
Project("{2150E333-8FDC-42A3-9474-1A3956D46DE8}") = "Behaviours", "Behaviours", "{AEF991F7-E8E7-4FDE-B34C-5B1BD7DADAA2}"
EndProject
Project("{9A19103F-16F7-4668-BE54-9A1E7A4F7556}") = "MicroShop.Core.Behaviours.Pipelines", "src\MicroShop.Core.Behaviours.Pipelines\MicroShop.Core.Behaviours.Pipelines.csproj", "{6A7B738B-4B86-44BE-A24E-3FA6ADFD4B5B}"
EndProject
Project("{9A19103F-16F7-4668-BE54-9A1E7A4F7556}") = "MicroShop.Core.Abstractions.Controllers", "src\MicroShop.Core.Abstractions.Controllers\MicroShop.Core.Abstractions.Controllers.csproj", "{B9FD9639-8A5C-444E-91BA-78E5178374AC}"
EndProject
Project("{2150E333-8FDC-42A3-9474-1A3956D46DE8}") = "Features", "Features", "{D757A79B-9DE2-497F-997A-D50277864AC4}"
EndProject
Project("{9A19103F-16F7-4668-BE54-9A1E7A4F7556}") = "MicroShop.Core.Features.Telemetry", "src\MicroShop.Core.Features.Telemetry\MicroShop.Core.Features.Telemetry.csproj", "{EF9F4E20-02F4-4610-8D31-908C9DD954B6}"
EndProject
Project("{2150E333-8FDC-42A3-9474-1A3956D46DE8}") = "Configuration", "Configuration", "{5E4349B8-0DF3-4F2E-91BA-3B60F399ED7B}"
EndProject
Project("{9A19103F-16F7-4668-BE54-9A1E7A4F7556}") = "MicroShop.Core.Configuration", "src\MicroShop.Core.Configuration\MicroShop.Core.Configuration.csproj", "{0C7C4770-13DE-4CF2-973D-1A172713E843}"
EndProject
Project("{2150E333-8FDC-42A3-9474-1A3956D46DE8}") = "Errors", "Errors", "{9F49C230-ACBF-4B12-BAC1-AAA2A9A465E2}"
EndProject
Project("{FAE04EC0-301F-11D3-BF4B-00C04F79EFBC}") = "MicroShop.Core.Errors", "src\MicroShop.Core.Errors\MicroShop.Core.Errors.csproj", "{2A58869D-9CB1-4F85-8376-BB965F27B19F}"
EndProject
Global
	GlobalSection(SolutionConfigurationPlatforms) = preSolution
		Debug|Any CPU = Debug|Any CPU
		Release|Any CPU = Release|Any CPU
	EndGlobalSection
	GlobalSection(ProjectConfigurationPlatforms) = postSolution
		{F9E5BF10-43ED-4201-9760-0F8EB11B25E5}.Debug|Any CPU.ActiveCfg = Debug|Any CPU
		{F9E5BF10-43ED-4201-9760-0F8EB11B25E5}.Debug|Any CPU.Build.0 = Debug|Any CPU
		{F9E5BF10-43ED-4201-9760-0F8EB11B25E5}.Release|Any CPU.ActiveCfg = Release|Any CPU
		{F9E5BF10-43ED-4201-9760-0F8EB11B25E5}.Release|Any CPU.Build.0 = Release|Any CPU
		{0AE49DC9-592B-4D71-9DF0-26088EAA6F47}.Debug|Any CPU.ActiveCfg = Debug|Any CPU
		{0AE49DC9-592B-4D71-9DF0-26088EAA6F47}.Debug|Any CPU.Build.0 = Debug|Any CPU
		{0AE49DC9-592B-4D71-9DF0-26088EAA6F47}.Release|Any CPU.ActiveCfg = Release|Any CPU
		{0AE49DC9-592B-4D71-9DF0-26088EAA6F47}.Release|Any CPU.Build.0 = Release|Any CPU
		{CC3683BD-348C-4AE3-8038-BD55BD5A2761}.Debug|Any CPU.ActiveCfg = Debug|Any CPU
		{CC3683BD-348C-4AE3-8038-BD55BD5A2761}.Debug|Any CPU.Build.0 = Debug|Any CPU
		{CC3683BD-348C-4AE3-8038-BD55BD5A2761}.Release|Any CPU.ActiveCfg = Release|Any CPU
		{CC3683BD-348C-4AE3-8038-BD55BD5A2761}.Release|Any CPU.Build.0 = Release|Any CPU
		{CA777A90-938A-430B-B1BF-42E004F4D26E}.Debug|Any CPU.ActiveCfg = Debug|Any CPU
		{CA777A90-938A-430B-B1BF-42E004F4D26E}.Debug|Any CPU.Build.0 = Debug|Any CPU
		{CA777A90-938A-430B-B1BF-42E004F4D26E}.Release|Any CPU.ActiveCfg = Release|Any CPU
		{CA777A90-938A-430B-B1BF-42E004F4D26E}.Release|Any CPU.Build.0 = Release|Any CPU
		{D3D9942B-E312-4322-A7AB-C038DB23A142}.Debug|Any CPU.ActiveCfg = Debug|Any CPU
		{D3D9942B-E312-4322-A7AB-C038DB23A142}.Debug|Any CPU.Build.0 = Debug|Any CPU
		{D3D9942B-E312-4322-A7AB-C038DB23A142}.Release|Any CPU.ActiveCfg = Release|Any CPU
		{D3D9942B-E312-4322-A7AB-C038DB23A142}.Release|Any CPU.Build.0 = Release|Any CPU
		{7F44EC5B-2D42-45D7-978D-A5E50C00042F}.Debug|Any CPU.ActiveCfg = Debug|Any CPU
		{7F44EC5B-2D42-45D7-978D-A5E50C00042F}.Debug|Any CPU.Build.0 = Debug|Any CPU
		{7F44EC5B-2D42-45D7-978D-A5E50C00042F}.Release|Any CPU.ActiveCfg = Release|Any CPU
		{7F44EC5B-2D42-45D7-978D-A5E50C00042F}.Release|Any CPU.Build.0 = Release|Any CPU
		{91B67C49-30EE-4111-B5E9-FFAA08E3E053}.Debug|Any CPU.ActiveCfg = Debug|Any CPU
		{91B67C49-30EE-4111-B5E9-FFAA08E3E053}.Debug|Any CPU.Build.0 = Debug|Any CPU
		{91B67C49-30EE-4111-B5E9-FFAA08E3E053}.Release|Any CPU.ActiveCfg = Release|Any CPU
		{91B67C49-30EE-4111-B5E9-FFAA08E3E053}.Release|Any CPU.Build.0 = Release|Any CPU
		{60704744-A2FF-4694-BC30-2C1098A20022}.Debug|Any CPU.ActiveCfg = Debug|Any CPU
		{60704744-A2FF-4694-BC30-2C1098A20022}.Debug|Any CPU.Build.0 = Debug|Any CPU
		{60704744-A2FF-4694-BC30-2C1098A20022}.Release|Any CPU.ActiveCfg = Release|Any CPU
		{60704744-A2FF-4694-BC30-2C1098A20022}.Release|Any CPU.Build.0 = Release|Any CPU
		{3C184A85-7D8C-4CED-A82A-022346D28B2F}.Debug|Any CPU.ActiveCfg = Debug|Any CPU
		{3C184A85-7D8C-4CED-A82A-022346D28B2F}.Debug|Any CPU.Build.0 = Debug|Any CPU
		{3C184A85-7D8C-4CED-A82A-022346D28B2F}.Release|Any CPU.ActiveCfg = Release|Any CPU
		{3C184A85-7D8C-4CED-A82A-022346D28B2F}.Release|Any CPU.Build.0 = Release|Any CPU
		{6A7B738B-4B86-44BE-A24E-3FA6ADFD4B5B}.Debug|Any CPU.ActiveCfg = Debug|Any CPU
		{6A7B738B-4B86-44BE-A24E-3FA6ADFD4B5B}.Debug|Any CPU.Build.0 = Debug|Any CPU
		{6A7B738B-4B86-44BE-A24E-3FA6ADFD4B5B}.Release|Any CPU.ActiveCfg = Release|Any CPU
		{6A7B738B-4B86-44BE-A24E-3FA6ADFD4B5B}.Release|Any CPU.Build.0 = Release|Any CPU
		{B9FD9639-8A5C-444E-91BA-78E5178374AC}.Debug|Any CPU.ActiveCfg = Debug|Any CPU
		{B9FD9639-8A5C-444E-91BA-78E5178374AC}.Debug|Any CPU.Build.0 = Debug|Any CPU
		{B9FD9639-8A5C-444E-91BA-78E5178374AC}.Release|Any CPU.ActiveCfg = Release|Any CPU
		{B9FD9639-8A5C-444E-91BA-78E5178374AC}.Release|Any CPU.Build.0 = Release|Any CPU
		{EF9F4E20-02F4-4610-8D31-908C9DD954B6}.Debug|Any CPU.ActiveCfg = Debug|Any CPU
		{EF9F4E20-02F4-4610-8D31-908C9DD954B6}.Debug|Any CPU.Build.0 = Debug|Any CPU
		{EF9F4E20-02F4-4610-8D31-908C9DD954B6}.Release|Any CPU.ActiveCfg = Release|Any CPU
		{EF9F4E20-02F4-4610-8D31-908C9DD954B6}.Release|Any CPU.Build.0 = Release|Any CPU
		{0C7C4770-13DE-4CF2-973D-1A172713E843}.Debug|Any CPU.ActiveCfg = Debug|Any CPU
		{0C7C4770-13DE-4CF2-973D-1A172713E843}.Debug|Any CPU.Build.0 = Debug|Any CPU
		{0C7C4770-13DE-4CF2-973D-1A172713E843}.Release|Any CPU.ActiveCfg = Release|Any CPU
		{0C7C4770-13DE-4CF2-973D-1A172713E843}.Release|Any CPU.Build.0 = Release|Any CPU
		{2A58869D-9CB1-4F85-8376-BB965F27B19F}.Debug|Any CPU.ActiveCfg = Debug|Any CPU
		{2A58869D-9CB1-4F85-8376-BB965F27B19F}.Debug|Any CPU.Build.0 = Debug|Any CPU
		{2A58869D-9CB1-4F85-8376-BB965F27B19F}.Release|Any CPU.ActiveCfg = Release|Any CPU
		{2A58869D-9CB1-4F85-8376-BB965F27B19F}.Release|Any CPU.Build.0 = Release|Any CPU
	EndGlobalSection
	GlobalSection(SolutionProperties) = preSolution
		HideSolutionNode = FALSE
	EndGlobalSection
	GlobalSection(NestedProjects) = preSolution
		{0AE49DC9-592B-4D71-9DF0-26088EAA6F47} = {CE5A8192-CD8C-4DD2-905F-E9FEE3AC77E3}
		{CC3683BD-348C-4AE3-8038-BD55BD5A2761} = {CE5A8192-CD8C-4DD2-905F-E9FEE3AC77E3}
		{CA777A90-938A-430B-B1BF-42E004F4D26E} = {E56B0C20-2470-4E23-99B3-9069FDEE0163}
		{D3D9942B-E312-4322-A7AB-C038DB23A142} = {09FB8CA2-1F7E-4753-92B2-B946264A40FA}
		{7F44EC5B-2D42-45D7-978D-A5E50C00042F} = {3CA77124-BFD3-488B-A193-831605FC5B88}
		{91B67C49-30EE-4111-B5E9-FFAA08E3E053} = {3CA77124-BFD3-488B-A193-831605FC5B88}
		{60704744-A2FF-4694-BC30-2C1098A20022} = {3CA77124-BFD3-488B-A193-831605FC5B88}
		{3C184A85-7D8C-4CED-A82A-022346D28B2F} = {3CA77124-BFD3-488B-A193-831605FC5B88}
		{6A7B738B-4B86-44BE-A24E-3FA6ADFD4B5B} = {AEF991F7-E8E7-4FDE-B34C-5B1BD7DADAA2}
		{B9FD9639-8A5C-444E-91BA-78E5178374AC} = {CE5A8192-CD8C-4DD2-905F-E9FEE3AC77E3}
		{EF9F4E20-02F4-4610-8D31-908C9DD954B6} = {D757A79B-9DE2-497F-997A-D50277864AC4}
		{0C7C4770-13DE-4CF2-973D-1A172713E843} = {5E4349B8-0DF3-4F2E-91BA-3B60F399ED7B}
		{2A58869D-9CB1-4F85-8376-BB965F27B19F} = {9F49C230-ACBF-4B12-BAC1-AAA2A9A465E2}
	EndGlobalSection
	GlobalSection(ExtensibilityGlobals) = postSolution
		SolutionGuid = {79A02078-4914-4CA5-91F7-DE21E405FB7B}
	EndGlobalSection
EndGlobal
